<?xml version="1.0" encoding="utf-8"?>
<Project ToolsVersion="4.0" xmlns="http://schemas.microsoft.com/developer/msbuild/2003">
  <ItemGroup>
    <ClCompile Include="main.cpp" />
    <ClCompile Include="Cube\Face.cpp">
      <Filter>Rubiks</Filter>
    </ClCompile>
    <ClCompile Include="Reader\Reader.cpp">
      <Filter>Reader</Filter>
    </ClCompile>
    <ClCompile Include="Cube\CubeParity.cpp">
      <Filter>Rubiks</Filter>
    </ClCompile>
    <ClCompile Include="Cube\CubeTurns.cpp">
      <Filter>Rubiks</Filter>
    </ClCompile>
    <ClCompile Include="Cube\CubeGoal.cpp">
      <Filter>Rubiks</Filter>
    </ClCompile>
  </ItemGroup>
  <ItemGroup>
    <Filter Include="Reader">
      <UniqueIdentifier>{6ea9ea6c-3f07-42c2-94a9-a95962d5cc3a}</UniqueIdentifier>
    </Filter>
    <Filter Include="Rubiks">
      <UniqueIdentifier>{d9641dd2-de05-4896-9eb8-b0184bd91673}</UniqueIdentifier>
    </Filter>
  </ItemGroup>
  <ItemGroup>
    <ClInclude Include="Reader\Reader.h">
      <Filter>Reader</Filter>
    </ClInclude>
    <ClInclude Include="Cube\Face.h">
      <Filter>Rubiks</Filter>
    </ClInclude>
    <ClInclude Include="Cube\Cube.h">
      <Filter>Rubiks</Filter>
    </ClInclude>
    <ClInclude Include="Cube\Cubies.h">
      <Filter>Rubiks</Filter>
    </ClInclude>
  </ItemGroup>
  <ItemGroup>
    <Text Include="input.txt" />
  </ItemGroup>
</Project>